{
  "name": "wix-telegram",
  "version": "1.0.0",
  "lockfileVersion": 3,
  "requires": true,
  "packages": {
    "": {
      "name": "wix-telegram",
      "version": "1.0.0",
      "license": "ISC",
      "dependencies": {
        "@types/telegram-web-app": "^7.2.1"
      }
    },
    "node_modules/@types/telegram-web-app": {
      "version": "7.2.1",
      "resolved": "https://registry.npmjs.org/@types/telegram-web-app/-/telegram-web-app-7.2.1.tgz",
      "integrity": "sha512-aXUUyTE8vVwolOta84wPybKNAeZq6rPVYCn/mnewN+tqF5QBqoQFnvqUATn7yNFH2+hpYF2Z2fKU6lnMQ8EC3A=="
    }
  }
}
